# THIS IS AN AUTOGENERATED FILE. DO NOT EDIT THIS FILE DIRECTLY.
# yarn lockfile v1


million@^0.1.0:
  version "0.1.0"
  resolved "https://registry.yarnpkg.com/million/-/million-0.1.0.tgz#577db2a56fef049fce0572e64dbbfd02ca71da40"
  integrity sha512-AQelZMcrPluzXNYwlAZjVcud2KKaw6MtPWUgeM+jJhUqjXdRRGq1xIto0Hw3pJ8jvJPe0fCy5106lfQ+AcHHAw==

typescript@^4.3.3:
  version "4.3.3"
  resolved "https://registry.yarnpkg.com/typescript/-/typescript-4.3.3.tgz#5401db69bd3203daf1851a1a74d199cb3112c11a"
  integrity sha512-rUvLW0WtF7PF2b9yenwWUi9Da9euvDRhmH7BLyBG4DCFfOJ850LGNknmRpp8Z8kXNUPObdZQEfKOiHtXuQHHKA==
