# THIS IS AN AUTOGENERATED FILE. DO NOT EDIT THIS FILE DIRECTLY.
# yarn lockfile v1


million@^0.1.0:
  version "0.1.0"
  resolved "https://registry.yarnpkg.com/million/-/million-0.1.0.tgz#577db2a56fef049fce0572e64dbbfd02ca71da40"
  integrity sha512-AQelZMcrPluzXNYwlAZjVcud2KKaw6MtPWUgeM+jJhUqjXdRRGq1xIto0Hw3pJ8jvJPe0fCy5106lfQ+AcHHAw==
